// !$*UTF8*$!
{
	archiveVersion = 1;
	classes = {
	};
	objectVersion = 77;
	objects = {

/* Begin PBXBuildFile section */
		02E5870EC628E4A91B003637 /* CoreDatabase in Frameworks */ = {isa = PBXBuildFile; productRef = 701494163115EDB1ACAACE09 /* CoreDatabase */; };
		4AE336547FCC8693AAD64DEB /* CoreNetwork in Frameworks */ = {isa = PBXBuildFile; productRef = D079C5A8640D6E4463B47706 /* CoreNetwork */; };
		5FE7E144F4674B46C2DF69C8 /* iOS_POC_SWIFT_NEWSApp.swift in Sources */ = {isa = PBXBuildFile; fileRef = 400FD21E1837A4B229996C9D /* iOS_POC_SWIFT_NEWSApp.swift */; };
		6490A96F480094F5DF00BAD1 /* Assets.xcassets in Resources */ = {isa = PBXBuildFile; fileRef = 591DD229D8A3692EFEE41917 /* Assets.xcassets */; };
		8493B4D3AF37736A113A0797 /* CoreRepository in Frameworks */ = {isa = PBXBuildFile; productRef = 482ACD8CB3EDD4663BBEABC0 /* CoreRepository */; };
		8FE07F4A11F5078B2346A4F7 /* AppDIContainer.swift in Sources */ = {isa = PBXBuildFile; fileRef = 92D39CEBBA09DF200F78463F /* AppDIContainer.swift */; };
		9C1C1510EDA5A2690B01BF79 /* FeatureNews in Frameworks */ = {isa = PBXBuildFile; productRef = 91FF66035DB6C46B99999CD4 /* FeatureNews */; };
		9D8D5C85FDB87A072A69ADE4 /* RootTabView.swift in Sources */ = {isa = PBXBuildFile; fileRef = 3E093D95493CA3873ADFB0F2 /* RootTabView.swift */; };
		C97A03BEAF326EAD60E80F6E /* CoreUI in Frameworks */ = {isa = PBXBuildFile; productRef = 19B08F04949ED736AB7B4FDD /* CoreUI */; };
		D45D6D4BD81130D76BF4645B /* FeatureFavorites in Frameworks */ = {isa = PBXBuildFile; productRef = B26834A9C8D12AB4B0BF69AA /* FeatureFavorites */; };
		F018069A2FE5093B3981F9D3 /* FeatureSettings in Frameworks */ = {isa = PBXBuildFile; productRef = 6809C88D7D29C61292590EAB /* FeatureSettings */; };
		F9C7761C8794670EE4F8570C /* CoreModel in Frameworks */ = {isa = PBXBuildFile; productRef = 829D76A45419A669CCE88229 /* CoreModel */; };
/* End PBXBuildFile section */

/* Begin PBXFileReference section */
		3E093D95493CA3873ADFB0F2 /* RootTabView.swift */ = {isa = PBXFileReference; lastKnownFileType = sourcecode.swift; path = RootTabView.swift; sourceTree = "<group>"; };
		400FD21E1837A4B229996C9D /* iOS_POC_SWIFT_NEWSApp.swift */ = {isa = PBXFileReference; lastKnownFileType = sourcecode.swift; path = iOS_POC_SWIFT_NEWSApp.swift; sourceTree = "<group>"; };
		591DD229D8A3692EFEE41917 /* Assets.xcassets */ = {isa = PBXFileReference; lastKnownFileType = folder.assetcatalog; path = Assets.xcassets; sourceTree = "<group>"; };
		5E1640666F41BECBF7812038 /* iOS-POC-SWIFT-NEWS.app */ = {isa = PBXFileReference; includeInIndex = 0; lastKnownFileType = wrapper.application; path = "iOS-POC-SWIFT-NEWS.app"; sourceTree = BUILT_PRODUCTS_DIR; };
		7E638C03EEB5E7F57997DA37 /* Packages */ = {isa = PBXFileReference; lastKnownFileType = folder; name = Packages; path = Packages; sourceTree = SOURCE_ROOT; };
		92D39CEBBA09DF200F78463F /* AppDIContainer.swift */ = {isa = PBXFileReference; lastKnownFileType = sourcecode.swift; path = AppDIContainer.swift; sourceTree = "<group>"; };
/* End PBXFileReference section */

/* Begin PBXFrameworksBuildPhase section */
		6EE1AC5EA4CEF79A700FE834 /* Frameworks */ = {
			isa = PBXFrameworksBuildPhase;
			buildActionMask = 2147483647;
			files = (
				9C1C1510EDA5A2690B01BF79 /* FeatureNews in Frameworks */,
				D45D6D4BD81130D76BF4645B /* FeatureFavorites in Frameworks */,
				F018069A2FE5093B3981F9D3 /* FeatureSettings in Frameworks */,
				8493B4D3AF37736A113A0797 /* CoreRepository in Frameworks */,
				4AE336547FCC8693AAD64DEB /* CoreNetwork in Frameworks */,
				02E5870EC628E4A91B003637 /* CoreDatabase in Frameworks */,
				F9C7761C8794670EE4F8570C /* CoreModel in Frameworks */,
				C97A03BEAF326EAD60E80F6E /* CoreUI in Frameworks */,
			);
			runOnlyForDeploymentPostprocessing = 0;
		};
/* End PBXFrameworksBuildPhase section */

/* Begin PBXGroup section */
		4DDFA45C4DB0B55BA54505E5 /* Products */ = {
			isa = PBXGroup;
			children = (
				5E1640666F41BECBF7812038 /* iOS-POC-SWIFT-NEWS.app */,
			);
			name = Products;
			sourceTree = "<group>";
		};
		5DD472EB727E193301196DD5 = {
			isa = PBXGroup;
			children = (
				A4CAAC186D83BAE35CF03236 /* iOS-POC-SWIFT-NEWS */,
				D099EC36BAA7E577890CD35F /* Packages */,
				4DDFA45C4DB0B55BA54505E5 /* Products */,
			);
			sourceTree = "<group>";
		};
		A4CAAC186D83BAE35CF03236 /* iOS-POC-SWIFT-NEWS */ = {
			isa = PBXGroup;
			children = (
				C10A4F93E917E575976C51D6 /* App */,
				B8CBBF5A3CD39E3AB0909C63 /* Resources */,
			);
			path = "iOS-POC-SWIFT-NEWS";
			sourceTree = "<group>";
		};
		B8CBBF5A3CD39E3AB0909C63 /* Resources */ = {
			isa = PBXGroup;
			children = (
				591DD229D8A3692EFEE41917 /* Assets.xcassets */,
			);
			path = Resources;
			sourceTree = "<group>";
		};
		C10A4F93E917E575976C51D6 /* App */ = {
			isa = PBXGroup;
			children = (
				92D39CEBBA09DF200F78463F /* AppDIContainer.swift */,
				400FD21E1837A4B229996C9D /* iOS_POC_SWIFT_NEWSApp.swift */,
				3E093D95493CA3873ADFB0F2 /* RootTabView.swift */,
			);
			path = App;
			sourceTree = "<group>";
		};
		D099EC36BAA7E577890CD35F /* Packages */ = {
			isa = PBXGroup;
			children = (
				7E638C03EEB5E7F57997DA37 /* Packages */,
			);
			path = Packages;
			sourceTree = "<group>";
		};
/* End PBXGroup section */

/* Begin PBXNativeTarget section */
		CE690DEE072E0E36701905BA /* iOS-POC-SWIFT-NEWS */ = {
			isa = PBXNativeTarget;
			buildConfigurationList = CD177643B8E9EFC6B376FF7A /* Build configuration list for PBXNativeTarget "iOS-POC-SWIFT-NEWS" */;
			buildPhases = (
				925767766E2CEF560B8938C5 /* Sources */,
				0749B797A8D96667E15276DD /* Resources */,
				6EE1AC5EA4CEF79A700FE834 /* Frameworks */,
			);
			buildRules = (
			);
			dependencies = (
			);
			name = "iOS-POC-SWIFT-NEWS";
			packageProductDependencies = (
				91FF66035DB6C46B99999CD4 /* FeatureNews */,
				B26834A9C8D12AB4B0BF69AA /* FeatureFavorites */,
				6809C88D7D29C61292590EAB /* FeatureSettings */,
				482ACD8CB3EDD4663BBEABC0 /* CoreRepository */,
				D079C5A8640D6E4463B47706 /* CoreNetwork */,
				701494163115EDB1ACAACE09 /* CoreDatabase */,
				829D76A45419A669CCE88229 /* CoreModel */,
				19B08F04949ED736AB7B4FDD /* CoreUI */,
			);
			productName = "iOS-POC-SWIFT-NEWS";
			productReference = 5E1640666F41BECBF7812038 /* iOS-POC-SWIFT-NEWS.app */;
			productType = "com.apple.product-type.application";
		};
/* End PBXNativeTarget section */

/* Begin PBXProject section */
		6FBA8B2C36E23B11E42D8EC1 /* Project object */ = {
			isa = PBXProject;
			attributes = {
				BuildIndependentTargetsInParallel = YES;
				LastUpgradeCheck = 1430;
				TargetAttributes = {
					CE690DEE072E0E36701905BA = {
						DevelopmentTeam = "";
						ProvisioningStyle = Automatic;
					};
				};
			};
			buildConfigurationList = 84957C4E17E3697CA4CF50F8 /* Build configuration list for PBXProject "iOS-POC-SWIFT-NEWS" */;
			developmentRegion = en;
			hasScannedForEncodings = 0;
			knownRegions = (
				Base,
				en,
			);
			mainGroup = 5DD472EB727E193301196DD5;
			minimizedProjectReferenceProxies = 1;
			packageReferences = (
				F9261D842CA6A0D11830C4DF /* XCLocalSwiftPackageReference "Packages" */,
			);
			preferredProjectObjectVersion = 77;
			productRefGroup = 4DDFA45C4DB0B55BA54505E5 /* Products */;
			projectDirPath = "";
			projectRoot = "";
			targets = (
				CE690DEE072E0E36701905BA /* iOS-POC-SWIFT-NEWS */,
			);
		};
/* End PBXProject section */

/* Begin PBXResourcesBuildPhase section */
		0749B797A8D96667E15276DD /* Resources */ = {
			isa = PBXResourcesBuildPhase;
			buildActionMask = 2147483647;
			files = (
				6490A96F480094F5DF00BAD1 /* Assets.xcassets in Resources */,
			);
			runOnlyForDeploymentPostprocessing = 0;
		};
/* End PBXResourcesBuildPhase section */

/* Begin PBXSourcesBuildPhase section */
		925767766E2CEF560B8938C5 /* Sources */ = {
			isa = PBXSourcesBuildPhase;
			buildActionMask = 2147483647;
			files = (
				8FE07F4A11F5078B2346A4F7 /* AppDIContainer.swift in Sources */,
				9D8D5C85FDB87A072A69ADE4 /* RootTabView.swift in Sources */,
				5FE7E144F4674B46C2DF69C8 /* iOS_POC_SWIFT_NEWSApp.swift in Sources */,
			);
			runOnlyForDeploymentPostprocessing = 0;
		};
/* End PBXSourcesBuildPhase section */

/* Begin XCBuildConfiguration section */
		17E71BC8AC09CA67A65FB5FF /* Debug */ = {
			isa = XCBuildConfiguration;
			buildSettings = {
				ALWAYS_SEARCH_USER_PATHS = NO;
				CLANG_ANALYZER_NONNULL = YES;
				CLANG_ANALYZER_NUMBER_OBJECT_CONVERSION = YES_AGGRESSIVE;
				CLANG_CXX_LANGUAGE_STANDARD = "gnu++14";
				CLANG_CXX_LIBRARY = "libc++";
				CLANG_ENABLE_MODULES = YES;
				CLANG_ENABLE_OBJC_ARC = YES;
				CLANG_ENABLE_OBJC_WEAK = YES;
				CLANG_WARN_BLOCK_CAPTURE_AUTORELEASING = YES;
				CLANG_WARN_BOOL_CONVERSION = YES;
				CLANG_WARN_COMMA = YES;
				CLANG_WARN_CONSTANT_CONVERSION = YES;
				CLANG_WARN_DEPRECATED_OBJC_IMPLEMENTATIONS = YES;
				CLANG_WARN_DIRECT_OBJC_ISA_USAGE = YES_ERROR;
				CLANG_WARN_DOCUMENTATION_COMMENTS = YES;
				CLANG_WARN_EMPTY_BODY = YES;
				CLANG_WARN_ENUM_CONVERSION = YES;
				CLANG_WARN_INFINITE_RECURSION = YES;
				CLANG_WARN_INT_CONVERSION = YES;
				CLANG_WARN_NON_LITERAL_NULL_CONVERSION = YES;
				CLANG_WARN_OBJC_IMPLICIT_RETAIN_SELF = YES;
				CLANG_WARN_OBJC_LITERAL_CONVERSION = YES;
				CLANG_WARN_OBJC_ROOT_CLASS = YES_ERROR;
				CLANG_WARN_QUOTED_INCLUDE_IN_FRAMEWORK_HEADER = YES;
				CLANG_WARN_RANGE_LOOP_ANALYSIS = YES;
				CLANG_WARN_STRICT_PROTOTYPES = YES;
				CLANG_WARN_SUSPICIOUS_MOVE = YES;
				CLANG_WARN_UNGUARDED_AVAILABILITY = YES_AGGRESSIVE;
				CLANG_WARN_UNREACHABLE_CODE = YES;
				CLANG_WARN__DUPLICATE_METHOD_MATCH = YES;
				CODE_SIGN_STYLE = Automatic;
				COPY_PHASE_STRIP = NO;
				DEBUG_INFORMATION_FORMAT = dwarf;
				DEVELOPMENT_TEAM = "";
				ENABLE_STRICT_OBJC_MSGSEND = YES;
				ENABLE_TESTABILITY = YES;
				GCC_C_LANGUAGE_STANDARD = gnu11;
				GCC_DYNAMIC_NO_PIC = NO;
				GCC_NO_COMMON_BLOCKS = YES;
				GCC_OPTIMIZATION_LEVEL = 0;
				GCC_PREPROCESSOR_DEFINITIONS = (
					"$(inherited)",
					"DEBUG=1",
				);
				GCC_WARN_64_TO_32_BIT_CONVERSION = YES;
				GCC_WARN_ABOUT_RETURN_TYPE = YES_ERROR;
				GCC_WARN_UNDECLARED_SELECTOR = YES;
				GCC_WARN_UNINITIALIZED_AUTOS = YES_AGGRESSIVE;
				GCC_WARN_UNUSED_FUNCTION = YES;
				GCC_WARN_UNUSED_VARIABLE = YES;
				IPHONEOS_DEPLOYMENT_TARGET = 15.0;
				MTL_ENABLE_DEBUG_INFO = INCLUDE_SOURCE;
				MTL_FAST_MATH = YES;
				ONLY_ACTIVE_ARCH = YES;
				PRODUCT_NAME = "$(TARGET_NAME)";
				SDKROOT = iphoneos;
				SWIFT_ACTIVE_COMPILATION_CONDITIONS = DEBUG;
				SWIFT_OPTIMIZATION_LEVEL = "-Onone";
				SWIFT_VERSION = 5.9;
			};
			name = Debug;
		};
		3A8127AE862207335F461719 /* Release */ = {
			isa = XCBuildConfiguration;
			buildSettings = {
				ASSETCATALOG_COMPILER_APPICON_NAME = AppIcon;
				CODE_SIGN_IDENTITY = "iPhone Developer";
				INFOPLIST_FILE = Generated/Info.plist;
				IPHONEOS_DEPLOYMENT_TARGET = 15.0;
				LD_RUNPATH_SEARCH_PATHS = (
					"$(inherited)",
					"@executable_path/Frameworks",
				);
				PRODUCT_BUNDLE_IDENTIFIER = com.hiroshioshiro.iOSPOCSWIFTNEWS;
				SDKROOT = iphoneos;
				TARGETED_DEVICE_FAMILY = "1,2";
			};
			name = Release;
		};
		A1090CCAC407D8C98FD9B7C4 /* Debug */ = {
			isa = XCBuildConfiguration;
			buildSettings = {
				ASSETCATALOG_COMPILER_APPICON_NAME = AppIcon;
				CODE_SIGN_IDENTITY = "iPhone Developer";
				INFOPLIST_FILE = Generated/Info.plist;
				IPHONEOS_DEPLOYMENT_TARGET = 15.0;
				LD_RUNPATH_SEARCH_PATHS = (
					"$(inherited)",
					"@executable_path/Frameworks",
				);
				PRODUCT_BUNDLE_IDENTIFIER = com.hiroshioshiro.iOSPOCSWIFTNEWS;
				SDKROOT = iphoneos;
				TARGETED_DEVICE_FAMILY = "1,2";
			};
			name = Debug;
		};
		D0CD7677D3A038B2D2A07A4C /* Release */ = {
			isa = XCBuildConfiguration;
			buildSettings = {
				ALWAYS_SEARCH_USER_PATHS = NO;
				CLANG_ANALYZER_NONNULL = YES;
				CLANG_ANALYZER_NUMBER_OBJECT_CONVERSION = YES_AGGRESSIVE;
				CLANG_CXX_LANGUAGE_STANDARD = "gnu++14";
				CLANG_CXX_LIBRARY = "libc++";
				CLANG_ENABLE_MODULES = YES;
				CLANG_ENABLE_OBJC_ARC = YES;
				CLANG_ENABLE_OBJC_WEAK = YES;
				CLANG_WARN_BLOCK_CAPTURE_AUTORELEASING = YES;
				CLANG_WARN_BOOL_CONVERSION = YES;
				CLANG_WARN_COMMA = YES;
				CLANG_WARN_CONSTANT_CONVERSION = YES;
				CLANG_WARN_DEPRECATED_OBJC_IMPLEMENTATIONS = YES;
				CLANG_WARN_DIRECT_OBJC_ISA_USAGE = YES_ERROR;
				CLANG_WARN_DOCUMENTATION_COMMENTS = YES;
				CLANG_WARN_EMPTY_BODY = YES;
				CLANG_WARN_ENUM_CONVERSION = YES;
				CLANG_WARN_INFINITE_RECURSION = YES;
				CLANG_WARN_INT_CONVERSION = YES;
				CLANG_WARN_NON_LITERAL_NULL_CONVERSION = YES;
				CLANG_WARN_OBJC_IMPLICIT_RETAIN_SELF = YES;
				CLANG_WARN_OBJC_LITERAL_CONVERSION = YES;
				CLANG_WARN_OBJC_ROOT_CLASS = YES_ERROR;
				CLANG_WARN_QUOTED_INCLUDE_IN_FRAMEWORK_HEADER = YES;
				CLANG_WARN_RANGE_LOOP_ANALYSIS = YES;
				CLANG_WARN_STRICT_PROTOTYPES = YES;
				CLANG_WARN_SUSPICIOUS_MOVE = YES;
				CLANG_WARN_UNGUARDED_AVAILABILITY = YES_AGGRESSIVE;
				CLANG_WARN_UNREACHABLE_CODE = YES;
				CLANG_WARN__DUPLICATE_METHOD_MATCH = YES;
				CODE_SIGN_STYLE = Automatic;
				COPY_PHASE_STRIP = NO;
				DEBUG_INFORMATION_FORMAT = "dwarf-with-dsym";
				DEVELOPMENT_TEAM = "";
				ENABLE_NS_ASSERTIONS = NO;
				ENABLE_STRICT_OBJC_MSGSEND = YES;
				GCC_C_LANGUAGE_STANDARD = gnu11;
				GCC_NO_COMMON_BLOCKS = YES;
				GCC_WARN_64_TO_32_BIT_CONVERSION = YES;
				GCC_WARN_ABOUT_RETURN_TYPE = YES_ERROR;
				GCC_WARN_UNDECLARED_SELECTOR = YES;
				GCC_WARN_UNINITIALIZED_AUTOS = YES_AGGRESSIVE;
				GCC_WARN_UNUSED_FUNCTION = YES;
				GCC_WARN_UNUSED_VARIABLE = YES;
				IPHONEOS_DEPLOYMENT_TARGET = 15.0;
				MTL_ENABLE_DEBUG_INFO = NO;
				MTL_FAST_MATH = YES;
				PRODUCT_NAME = "$(TARGET_NAME)";
				SDKROOT = iphoneos;
				SWIFT_COMPILATION_MODE = wholemodule;
				SWIFT_OPTIMIZATION_LEVEL = "-O";
				SWIFT_VERSION = 5.9;
			};
			name = Release;
		};
/* End XCBuildConfiguration section */

/* Begin XCConfigurationList section */
		84957C4E17E3697CA4CF50F8 /* Build configuration list for PBXProject "iOS-POC-SWIFT-NEWS" */ = {
			isa = XCConfigurationList;
			buildConfigurations = (
				17E71BC8AC09CA67A65FB5FF /* Debug */,
				D0CD7677D3A038B2D2A07A4C /* Release */,
			);
			defaultConfigurationIsVisible = 0;
			defaultConfigurationName = Debug;
		};
		CD177643B8E9EFC6B376FF7A /* Build configuration list for PBXNativeTarget "iOS-POC-SWIFT-NEWS" */ = {
			isa = XCConfigurationList;
			buildConfigurations = (
				A1090CCAC407D8C98FD9B7C4 /* Debug */,
				3A8127AE862207335F461719 /* Release */,
			);
			defaultConfigurationIsVisible = 0;
			defaultConfigurationName = Debug;
		};
/* End XCConfigurationList section */

/* Begin XCLocalSwiftPackageReference section */
		F9261D842CA6A0D11830C4DF /* XCLocalSwiftPackageReference "Packages" */ = {
			isa = XCLocalSwiftPackageReference;
			relativePath = Packages;
		};
/* End XCLocalSwiftPackageReference section */

/* Begin XCSwiftPackageProductDependency section */
		19B08F04949ED736AB7B4FDD /* CoreUI */ = {
			isa = XCSwiftPackageProductDependency;
			productName = CoreUI;
		};
		482ACD8CB3EDD4663BBEABC0 /* CoreRepository */ = {
			isa = XCSwiftPackageProductDependency;
			productName = CoreRepository;
		};
		6809C88D7D29C61292590EAB /* FeatureSettings */ = {
			isa = XCSwiftPackageProductDependency;
			productName = FeatureSettings;
		};
		701494163115EDB1ACAACE09 /* CoreDatabase */ = {
			isa = XCSwiftPackageProductDependency;
			productName = CoreDatabase;
		};
		829D76A45419A669CCE88229 /* CoreModel */ = {
			isa = XCSwiftPackageProductDependency;
			productName = CoreModel;
		};
		91FF66035DB6C46B99999CD4 /* FeatureNews */ = {
			isa = XCSwiftPackageProductDependency;
			productName = FeatureNews;
		};
		B26834A9C8D12AB4B0BF69AA /* FeatureFavorites */ = {
			isa = XCSwiftPackageProductDependency;
			productName = FeatureFavorites;
		};
		D079C5A8640D6E4463B47706 /* CoreNetwork */ = {
			isa = XCSwiftPackageProductDependency;
			productName = CoreNetwork;
		};
/* End XCSwiftPackageProductDependency section */
	};
	rootObject = 6FBA8B2C36E23B11E42D8EC1 /* Project object */;
}
